
Microsoft Visual Studio Solution File, Format Version 12.00
# Visual Studio 15
VisualStudioVersion = 15.0.27428.2037
MinimumVisualStudioVersion = 10.0.40219.1
Project("{2150E333-8FDC-42A3-9474-1A3956D46DE8}") = "Data", "Data", "{DC462D08-4CE0-469B-8126-B2415419E36E}"
EndProject
Project("{2150E333-8FDC-42A3-9474-1A3956D46DE8}") = "Application", "Application", "{584C2FC4-331F-4471-AC77-83DA416D7F6D}"
EndProject
Project("{2150E333-8FDC-42A3-9474-1A3956D46DE8}") = "Domain", "Domain", "{74B0A2D0-BCCC-4983-B76F-DA69C4796A0A}"
EndProject
Project("{2150E333-8FDC-42A3-9474-1A3956D46DE8}") = "Presentation", "Presentation", "{219D143C-74D8-4A47-928D-4161DCE8B360}"
EndProject
Project("{9A19103F-16F7-4668-BE54-9A1E7A4F7556}") = "CPSolutions.Api", "CPSolutions.Api\CPSolutions.Api.csproj", "{AD938CA8-DE92-48C3-883E-E83387036926}"
	ProjectSection(ProjectDependencies) = postProject
		{4A4E1771-E2F7-4209-8353-425B4BE0FDDA} = {4A4E1771-E2F7-4209-8353-425B4BE0FDDA}
		{486D3194-CCD6-4D1F-A852-41039154D25B} = {486D3194-CCD6-4D1F-A852-41039154D25B}
		{49E5FCFD-D85B-4CF9-A8D0-45D3F6DF586A} = {49E5FCFD-D85B-4CF9-A8D0-45D3F6DF586A}
	EndProjectSection
EndProject
Project("{9A19103F-16F7-4668-BE54-9A1E7A4F7556}") = "CPSolutions.Application", "CPSolutions.Application\CPSolutions.Application.csproj", "{486D3194-CCD6-4D1F-A852-41039154D25B}"
	ProjectSection(ProjectDependencies) = postProject
		{4A4E1771-E2F7-4209-8353-425B4BE0FDDA} = {4A4E1771-E2F7-4209-8353-425B4BE0FDDA}
		{49E5FCFD-D85B-4CF9-A8D0-45D3F6DF586A} = {49E5FCFD-D85B-4CF9-A8D0-45D3F6DF586A}
	EndProjectSection
EndProject
Project("{9A19103F-16F7-4668-BE54-9A1E7A4F7556}") = "CPSolutions.Domain", "CPSolutions.Domain\CPSolutions.Domain.csproj", "{49E5FCFD-D85B-4CF9-A8D0-45D3F6DF586A}"
EndProject
Project("{9A19103F-16F7-4668-BE54-9A1E7A4F7556}") = "CPSolutions.Data", "CPSolutions.Data\CPSolutions.Data.csproj", "{4A4E1771-E2F7-4209-8353-425B4BE0FDDA}"
	ProjectSection(ProjectDependencies) = postProject
		{49E5FCFD-D85B-4CF9-A8D0-45D3F6DF586A} = {49E5FCFD-D85B-4CF9-A8D0-45D3F6DF586A}
	EndProjectSection
EndProject
Global
	GlobalSection(SolutionConfigurationPlatforms) = preSolution
		Debug|Any CPU = Debug|Any CPU
		Release|Any CPU = Release|Any CPU
	EndGlobalSection
	GlobalSection(ProjectConfigurationPlatforms) = postSolution
		{1AAEC823-5CB3-4719-A57F-D36C28E46CD6}.Debug|Any CPU.ActiveCfg = Debug|Any CPU
		{1AAEC823-5CB3-4719-A57F-D36C28E46CD6}.Release|Any CPU.ActiveCfg = Release|Any CPU
		{1AAEC823-5CB3-4719-A57F-D36C28E46CD6}.Release|Any CPU.Build.0 = Release|Any CPU
		{AD938CA8-DE92-48C3-883E-E83387036926}.Debug|Any CPU.ActiveCfg = Debug|Any CPU
		{AD938CA8-DE92-48C3-883E-E83387036926}.Debug|Any CPU.Build.0 = Debug|Any CPU
		{AD938CA8-DE92-48C3-883E-E83387036926}.Release|Any CPU.ActiveCfg = Release|Any CPU
		{AD938CA8-DE92-48C3-883E-E83387036926}.Release|Any CPU.Build.0 = Release|Any CPU
		{486D3194-CCD6-4D1F-A852-41039154D25B}.Debug|Any CPU.ActiveCfg = Debug|Any CPU
		{486D3194-CCD6-4D1F-A852-41039154D25B}.Debug|Any CPU.Build.0 = Debug|Any CPU
		{486D3194-CCD6-4D1F-A852-41039154D25B}.Release|Any CPU.ActiveCfg = Release|Any CPU
		{486D3194-CCD6-4D1F-A852-41039154D25B}.Release|Any CPU.Build.0 = Release|Any CPU
		{49E5FCFD-D85B-4CF9-A8D0-45D3F6DF586A}.Debug|Any CPU.ActiveCfg = Debug|Any CPU
		{49E5FCFD-D85B-4CF9-A8D0-45D3F6DF586A}.Debug|Any CPU.Build.0 = Debug|Any CPU
		{49E5FCFD-D85B-4CF9-A8D0-45D3F6DF586A}.Release|Any CPU.ActiveCfg = Release|Any CPU
		{49E5FCFD-D85B-4CF9-A8D0-45D3F6DF586A}.Release|Any CPU.Build.0 = Release|Any CPU
		{4A4E1771-E2F7-4209-8353-425B4BE0FDDA}.Debug|Any CPU.ActiveCfg = Debug|Any CPU
		{4A4E1771-E2F7-4209-8353-425B4BE0FDDA}.Debug|Any CPU.Build.0 = Debug|Any CPU
		{4A4E1771-E2F7-4209-8353-425B4BE0FDDA}.Release|Any CPU.ActiveCfg = Release|Any CPU
		{4A4E1771-E2F7-4209-8353-425B4BE0FDDA}.Release|Any CPU.Build.0 = Release|Any CPU
	EndGlobalSection
	GlobalSection(SolutionProperties) = preSolution
		HideSolutionNode = FALSE
	EndGlobalSection
	GlobalSection(NestedProjects) = preSolution
		{1AAEC823-5CB3-4719-A57F-D36C28E46CD6} = {219D143C-74D8-4A47-928D-4161DCE8B360}
		{AD938CA8-DE92-48C3-883E-E83387036926} = {219D143C-74D8-4A47-928D-4161DCE8B360}
		{486D3194-CCD6-4D1F-A852-41039154D25B} = {584C2FC4-331F-4471-AC77-83DA416D7F6D}
		{49E5FCFD-D85B-4CF9-A8D0-45D3F6DF586A} = {74B0A2D0-BCCC-4983-B76F-DA69C4796A0A}
		{4A4E1771-E2F7-4209-8353-425B4BE0FDDA} = {DC462D08-4CE0-469B-8126-B2415419E36E}
	EndGlobalSection
	GlobalSection(ExtensibilityGlobals) = postSolution
		SolutionGuid = {E126CC29-31C0-45F7-A13C-A69D5729A2C5}
	EndGlobalSection
EndGlobal
